
Microsoft Visual Studio Solution File, Format Version 12.00
# Visual Studio 14
VisualStudioVersion = 14.0.25420.1
MinimumVisualStudioVersion = 10.0.40219.1
Project("{FAE04EC0-301F-11D3-BF4B-00C04F79EFBC}") = "Dominio", "Dominio\Dominio.csproj", "{6136F375-81BF-4331-A968-E279EBE177CE}"
EndProject
Project("{FAE04EC0-301F-11D3-BF4B-00C04F79EFBC}") = "UI", "UI\UI.csproj", "{1C684EF5-2F40-4D32-8C5E-B491757C212A}"
EndProject
Project("{FAE04EC0-301F-11D3-BF4B-00C04F79EFBC}") = "UnitTestDominio", "UnitTestDominio\UnitTestDominio.csproj", "{C9D97F58-A5A5-43F5-8D6E-F38F7695E45C}"
EndProject
Project("{FAE04EC0-301F-11D3-BF4B-00C04F79EFBC}") = "Persistencia", "Persistencia\Persistencia.csproj", "{12B5369B-2940-44C8-A0A2-3FEC7DE409EE}"
EndProject
Project("{6141683F-8A12-4E36-9623-2EB02B2C2303}") = "Setup2", "Setup2\Setup2.isproj", "{947275F1-18AA-4403-A6E7-83F9D39E49B6}"
	ProjectSection(ProjectDependencies) = postProject
		{6136F375-81BF-4331-A968-E279EBE177CE} = {6136F375-81BF-4331-A968-E279EBE177CE}
		{12B5369B-2940-44C8-A0A2-3FEC7DE409EE} = {12B5369B-2940-44C8-A0A2-3FEC7DE409EE}
		{1C684EF5-2F40-4D32-8C5E-B491757C212A} = {1C684EF5-2F40-4D32-8C5E-B491757C212A}
	EndProjectSection
EndProject
Global
	GlobalSection(SolutionConfigurationPlatforms) = preSolution
		CD_ROM|Any CPU = CD_ROM|Any CPU
		Debug|Any CPU = Debug|Any CPU
		DVD-5|Any CPU = DVD-5|Any CPU
		Release|Any CPU = Release|Any CPU
		SingleImage|Any CPU = SingleImage|Any CPU
	EndGlobalSection
	GlobalSection(ProjectConfigurationPlatforms) = postSolution
		{6136F375-81BF-4331-A968-E279EBE177CE}.CD_ROM|Any CPU.ActiveCfg = Release|Any CPU
		{6136F375-81BF-4331-A968-E279EBE177CE}.CD_ROM|Any CPU.Build.0 = Release|Any CPU
		{6136F375-81BF-4331-A968-E279EBE177CE}.Debug|Any CPU.ActiveCfg = Debug|Any CPU
		{6136F375-81BF-4331-A968-E279EBE177CE}.Debug|Any CPU.Build.0 = Debug|Any CPU
		{6136F375-81BF-4331-A968-E279EBE177CE}.DVD-5|Any CPU.ActiveCfg = Debug|Any CPU
		{6136F375-81BF-4331-A968-E279EBE177CE}.DVD-5|Any CPU.Build.0 = Debug|Any CPU
		{6136F375-81BF-4331-A968-E279EBE177CE}.Release|Any CPU.ActiveCfg = Release|Any CPU
		{6136F375-81BF-4331-A968-E279EBE177CE}.Release|Any CPU.Build.0 = Release|Any CPU
		{6136F375-81BF-4331-A968-E279EBE177CE}.SingleImage|Any CPU.ActiveCfg = Release|Any CPU
		{6136F375-81BF-4331-A968-E279EBE177CE}.SingleImage|Any CPU.Build.0 = Release|Any CPU
		{1C684EF5-2F40-4D32-8C5E-B491757C212A}.CD_ROM|Any CPU.ActiveCfg = Release|Any CPU
		{1C684EF5-2F40-4D32-8C5E-B491757C212A}.CD_ROM|Any CPU.Build.0 = Release|Any CPU
		{1C684EF5-2F40-4D32-8C5E-B491757C212A}.Debug|Any CPU.ActiveCfg = Debug|Any CPU
		{1C684EF5-2F40-4D32-8C5E-B491757C212A}.Debug|Any CPU.Build.0 = Debug|Any CPU
		{1C684EF5-2F40-4D32-8C5E-B491757C212A}.DVD-5|Any CPU.ActiveCfg = Debug|Any CPU
		{1C684EF5-2F40-4D32-8C5E-B491757C212A}.DVD-5|Any CPU.Build.0 = Debug|Any CPU
		{1C684EF5-2F40-4D32-8C5E-B491757C212A}.Release|Any CPU.ActiveCfg = Release|Any CPU
		{1C684EF5-2F40-4D32-8C5E-B491757C212A}.Release|Any CPU.Build.0 = Release|Any CPU
		{1C684EF5-2F40-4D32-8C5E-B491757C212A}.SingleImage|Any CPU.ActiveCfg = Release|Any CPU
		{1C684EF5-2F40-4D32-8C5E-B491757C212A}.SingleImage|Any CPU.Build.0 = Release|Any CPU
		{C9D97F58-A5A5-43F5-8D6E-F38F7695E45C}.CD_ROM|Any CPU.ActiveCfg = Release|Any CPU
		{C9D97F58-A5A5-43F5-8D6E-F38F7695E45C}.CD_ROM|Any CPU.Build.0 = Release|Any CPU
		{C9D97F58-A5A5-43F5-8D6E-F38F7695E45C}.Debug|Any CPU.ActiveCfg = Debug|Any CPU
		{C9D97F58-A5A5-43F5-8D6E-F38F7695E45C}.Debug|Any CPU.Build.0 = Debug|Any CPU
		{C9D97F58-A5A5-43F5-8D6E-F38F7695E45C}.DVD-5|Any CPU.ActiveCfg = Debug|Any CPU
		{C9D97F58-A5A5-43F5-8D6E-F38F7695E45C}.DVD-5|Any CPU.Build.0 = Debug|Any CPU
		{C9D97F58-A5A5-43F5-8D6E-F38F7695E45C}.Release|Any CPU.ActiveCfg = Release|Any CPU
		{C9D97F58-A5A5-43F5-8D6E-F38F7695E45C}.Release|Any CPU.Build.0 = Release|Any CPU
		{C9D97F58-A5A5-43F5-8D6E-F38F7695E45C}.SingleImage|Any CPU.ActiveCfg = Release|Any CPU
		{C9D97F58-A5A5-43F5-8D6E-F38F7695E45C}.SingleImage|Any CPU.Build.0 = Release|Any CPU
		{12B5369B-2940-44C8-A0A2-3FEC7DE409EE}.CD_ROM|Any CPU.ActiveCfg = Release|Any CPU
		{12B5369B-2940-44C8-A0A2-3FEC7DE409EE}.CD_ROM|Any CPU.Build.0 = Release|Any CPU
		{12B5369B-2940-44C8-A0A2-3FEC7DE409EE}.Debug|Any CPU.ActiveCfg = Debug|Any CPU
		{12B5369B-2940-44C8-A0A2-3FEC7DE409EE}.Debug|Any CPU.Build.0 = Debug|Any CPU
		{12B5369B-2940-44C8-A0A2-3FEC7DE409EE}.DVD-5|Any CPU.ActiveCfg = Debug|Any CPU
		{12B5369B-2940-44C8-A0A2-3FEC7DE409EE}.DVD-5|Any CPU.Build.0 = Debug|Any CPU
		{12B5369B-2940-44C8-A0A2-3FEC7DE409EE}.Release|Any CPU.ActiveCfg = Release|Any CPU
		{12B5369B-2940-44C8-A0A2-3FEC7DE409EE}.Release|Any CPU.Build.0 = Release|Any CPU
		{12B5369B-2940-44C8-A0A2-3FEC7DE409EE}.SingleImage|Any CPU.ActiveCfg = Release|Any CPU
		{12B5369B-2940-44C8-A0A2-3FEC7DE409EE}.SingleImage|Any CPU.Build.0 = Release|Any CPU
		{947275F1-18AA-4403-A6E7-83F9D39E49B6}.CD_ROM|Any CPU.ActiveCfg = CD_ROM
		{947275F1-18AA-4403-A6E7-83F9D39E49B6}.CD_ROM|Any CPU.Build.0 = CD_ROM
		{947275F1-18AA-4403-A6E7-83F9D39E49B6}.Debug|Any CPU.ActiveCfg = DVD-5
		{947275F1-18AA-4403-A6E7-83F9D39E49B6}.Debug|Any CPU.Build.0 = DVD-5
		{947275F1-18AA-4403-A6E7-83F9D39E49B6}.DVD-5|Any CPU.ActiveCfg = DVD-5
		{947275F1-18AA-4403-A6E7-83F9D39E49B6}.DVD-5|Any CPU.Build.0 = DVD-5
		{947275F1-18AA-4403-A6E7-83F9D39E49B6}.Release|Any CPU.ActiveCfg = SingleImage
		{947275F1-18AA-4403-A6E7-83F9D39E49B6}.Release|Any CPU.Build.0 = SingleImage
		{947275F1-18AA-4403-A6E7-83F9D39E49B6}.SingleImage|Any CPU.ActiveCfg = SingleImage
		{947275F1-18AA-4403-A6E7-83F9D39E49B6}.SingleImage|Any CPU.Build.0 = SingleImage
	EndGlobalSection
	GlobalSection(SolutionProperties) = preSolution
		HideSolutionNode = FALSE
	EndGlobalSection
	GlobalSection(ExtensibilityGlobals) = postSolution
		SolutionGuid = {632606E8-FB7B-43AD-9E73-EE30D7E858A4}
	EndGlobalSection
EndGlobal
